// !$*UTF8*$!
{
	archiveVersion = 1;
	classes = {
	};
	objectVersion = 46;
	objects = {

/* Begin PBXBuildFile section */
		728A1904178EF1C900A04E9F /* DMCustomEntry.m in Sources */ = {isa = PBXBuildFile; fileRef = 728A1903178EF1C900A04E9F /* DMCustomEntry.m */; };
		728A1907178EF23400A04E9F /* DMCustomEntry+RZDataManagerModelObject.m in Sources */ = {isa = PBXBuildFile; fileRef = 728A1906178EF23400A04E9F /* DMCustomEntry+RZDataManagerModelObject.m */; };
		9A3366591755378800FCF766 /* RZDataManager_Base.m in Sources */ = {isa = PBXBuildFile; fileRef = 9A3366581755378800FCF766 /* RZDataManager_Base.m */; };
		9A33665C17553CFC00FCF766 /* RZCoreDataManager-Tests.m in Sources */ = {isa = PBXBuildFile; fileRef = 9A33665B17553CFC00FCF766 /* RZCoreDataManager-Tests.m */; };
		9A33666017553E0A00FCF766 /* DMCollection.m in Sources */ = {isa = PBXBuildFile; fileRef = 9A33665E17553E0A00FCF766 /* DMCollection.m */; };
		9A33666417553E0B00FCF766 /* DMEntry.m in Sources */ = {isa = PBXBuildFile; fileRef = 9A33666217553E0B00FCF766 /* DMEntry.m */; };
		9A33666517553E1300FCF766 /* RZDataManager_Test.xcdatamodeld in Sources */ = {isa = PBXBuildFile; fileRef = FEA82A911742AFFE00FA206C /* RZDataManager_Test.xcdatamodeld */; };
		9A33666717553E1F00FCF766 /* RZDataImporter.m in Sources */ = {isa = PBXBuildFile; fileRef = FEA82AFF1742CB5600FA206C /* RZDataImporter.m */; };
		9A33666817553E1F00FCF766 /* RZDataManager_Base.m in Sources */ = {isa = PBXBuildFile; fileRef = 9A3366581755378800FCF766 /* RZDataManager_Base.m */; };
		9A33666917553E1F00FCF766 /* RZCoreDataManager.m in Sources */ = {isa = PBXBuildFile; fileRef = FEA82AB41742B05100FA206C /* RZCoreDataManager.m */; };
		9A33666A17553E1F00FCF766 /* NSDictionary+NonNSNull.m in Sources */ = {isa = PBXBuildFile; fileRef = FEA82B041742CC1B00FA206C /* NSDictionary+NonNSNull.m */; };
		9A33666B17553E1F00FCF766 /* NSString+HTMLEntities.m in Sources */ = {isa = PBXBuildFile; fileRef = FEA82B061742CC1B00FA206C /* NSString+HTMLEntities.m */; };
		9A58B7A117578D070065D1EA /* NSObject+RZPropertyUtils.m in Sources */ = {isa = PBXBuildFile; fileRef = 9A58B7A017578D070065D1EA /* NSObject+RZPropertyUtils.m */; };
		9AC66E6D175E641A007C603C /* DMEntry+RZDataManagerModelObject.m in Sources */ = {isa = PBXBuildFile; fileRef = 9AC66E6C175E641A007C603C /* DMEntry+RZDataManagerModelObject.m */; };
		9AC66E75175E6DE6007C603C /* RZDataManagerModelObjectMapping.m in Sources */ = {isa = PBXBuildFile; fileRef = 9AC66E74175E6DE6007C603C /* RZDataManagerModelObjectMapping.m */; };
		9AC66E7B175E94A1007C603C /* RZDataManagerModelObjectMapping.m in Sources */ = {isa = PBXBuildFile; fileRef = 9AC66E74175E6DE6007C603C /* RZDataManagerModelObjectMapping.m */; };
		9AC66E7E175E953F007C603C /* DMCollection+RZDataManagerModelObject.m in Sources */ = {isa = PBXBuildFile; fileRef = 9AC66E7D175E953E007C603C /* DMCollection+RZDataManagerModelObject.m */; };
		9ACF8EE91760D58400974873 /* DMThingClass.m in Sources */ = {isa = PBXBuildFile; fileRef = 9ACF8EE81760D58400974873 /* DMThingClass.m */; };
		9AEAD723177201B400B8A6BE /* NSObject+RZPropertyUtils.m in Sources */ = {isa = PBXBuildFile; fileRef = 9A58B7A017578D070065D1EA /* NSObject+RZPropertyUtils.m */; };
		9AEAD7271772042A00B8A6BE /* NSObject+RZLogHelper.m in Sources */ = {isa = PBXBuildFile; fileRef = 9AEAD7261772042A00B8A6BE /* NSObject+RZLogHelper.m */; };
		9AEAD728177205AD00B8A6BE /* NSObject+RZLogHelper.m in Sources */ = {isa = PBXBuildFile; fileRef = 9AEAD7261772042A00B8A6BE /* NSObject+RZLogHelper.m */; };
		FEA82A781742AFFE00FA206C /* UIKit.framework in Frameworks */ = {isa = PBXBuildFile; fileRef = FEA82A771742AFFE00FA206C /* UIKit.framework */; };
		FEA82A7A1742AFFE00FA206C /* Foundation.framework in Frameworks */ = {isa = PBXBuildFile; fileRef = FEA82A791742AFFE00FA206C /* Foundation.framework */; };
		FEA82A7C1742AFFE00FA206C /* CoreGraphics.framework in Frameworks */ = {isa = PBXBuildFile; fileRef = FEA82A7B1742AFFE00FA206C /* CoreGraphics.framework */; };
		FEA82A7E1742AFFE00FA206C /* CoreData.framework in Frameworks */ = {isa = PBXBuildFile; fileRef = FEA82A7D1742AFFE00FA206C /* CoreData.framework */; };
		FEA82A841742AFFE00FA206C /* InfoPlist.strings in Resources */ = {isa = PBXBuildFile; fileRef = FEA82A821742AFFE00FA206C /* InfoPlist.strings */; };
		FEA82A861742AFFE00FA206C /* main.m in Sources */ = {isa = PBXBuildFile; fileRef = FEA82A851742AFFE00FA206C /* main.m */; };
		FEA82A8A1742AFFE00FA206C /* AppDelegate.m in Sources */ = {isa = PBXBuildFile; fileRef = FEA82A891742AFFE00FA206C /* AppDelegate.m */; };
		FEA82A8C1742AFFE00FA206C /* Default.png in Resources */ = {isa = PBXBuildFile; fileRef = FEA82A8B1742AFFE00FA206C /* Default.png */; };
		FEA82A8E1742AFFE00FA206C /* Default@2x.png in Resources */ = {isa = PBXBuildFile; fileRef = FEA82A8D1742AFFE00FA206C /* Default@2x.png */; };
		FEA82A901742AFFE00FA206C /* Default-568h@2x.png in Resources */ = {isa = PBXBuildFile; fileRef = FEA82A8F1742AFFE00FA206C /* Default-568h@2x.png */; };
		FEA82A9B1742AFFF00FA206C /* SenTestingKit.framework in Frameworks */ = {isa = PBXBuildFile; fileRef = FEA82A9A1742AFFF00FA206C /* SenTestingKit.framework */; };
		FEA82A9C1742AFFF00FA206C /* UIKit.framework in Frameworks */ = {isa = PBXBuildFile; fileRef = FEA82A771742AFFE00FA206C /* UIKit.framework */; };
		FEA82A9D1742AFFF00FA206C /* Foundation.framework in Frameworks */ = {isa = PBXBuildFile; fileRef = FEA82A791742AFFE00FA206C /* Foundation.framework */; };
		FEA82A9E1742AFFF00FA206C /* CoreData.framework in Frameworks */ = {isa = PBXBuildFile; fileRef = FEA82A7D1742AFFE00FA206C /* CoreData.framework */; };
		FEA82AA61742AFFF00FA206C /* InfoPlist.strings in Resources */ = {isa = PBXBuildFile; fileRef = FEA82AA41742AFFF00FA206C /* InfoPlist.strings */; };
		FEA82AB51742B05100FA206C /* RZCoreDataManager.m in Sources */ = {isa = PBXBuildFile; fileRef = FEA82AB41742B05100FA206C /* RZCoreDataManager.m */; };
		FEA82B001742CB5600FA206C /* RZDataImporter.m in Sources */ = {isa = PBXBuildFile; fileRef = FEA82AFF1742CB5600FA206C /* RZDataImporter.m */; };
		FEA82B071742CC1B00FA206C /* NSDictionary+NonNSNull.m in Sources */ = {isa = PBXBuildFile; fileRef = FEA82B041742CC1B00FA206C /* NSDictionary+NonNSNull.m */; };
		FEA82B091742CC1B00FA206C /* NSString+HTMLEntities.m in Sources */ = {isa = PBXBuildFile; fileRef = FEA82B061742CC1B00FA206C /* NSString+HTMLEntities.m */; };
/* End PBXBuildFile section */

/* Begin PBXContainerItemProxy section */
		FEA82A9F1742AFFF00FA206C /* PBXContainerItemProxy */ = {
			isa = PBXContainerItemProxy;
			containerPortal = FEA82A6C1742AFFE00FA206C /* Project object */;
			proxyType = 1;
			remoteGlobalIDString = FEA82A731742AFFE00FA206C;
			remoteInfo = "RZDataManager-Demo";
		};
/* End PBXContainerItemProxy section */

/* Begin PBXFileReference section */
		728A1902178EF1C900A04E9F /* DMCustomEntry.h */ = {isa = PBXFileReference; fileEncoding = 4; lastKnownFileType = sourcecode.c.h; path = DMCustomEntry.h; sourceTree = "<group>"; };
		728A1903178EF1C900A04E9F /* DMCustomEntry.m */ = {isa = PBXFileReference; fileEncoding = 4; lastKnownFileType = sourcecode.c.objc; path = DMCustomEntry.m; sourceTree = "<group>"; };
		728A1905178EF23400A04E9F /* DMCustomEntry+RZDataManagerModelObject.h */ = {isa = PBXFileReference; fileEncoding = 4; lastKnownFileType = sourcecode.c.h; path = "DMCustomEntry+RZDataManagerModelObject.h"; sourceTree = "<group>"; };
		728A1906178EF23400A04E9F /* DMCustomEntry+RZDataManagerModelObject.m */ = {isa = PBXFileReference; fileEncoding = 4; lastKnownFileType = sourcecode.c.objc; path = "DMCustomEntry+RZDataManagerModelObject.m"; sourceTree = "<group>"; };
		9A3366571755378800FCF766 /* RZDataManager_Base.h */ = {isa = PBXFileReference; fileEncoding = 4; lastKnownFileType = sourcecode.c.h; lineEnding = 0; path = RZDataManager_Base.h; sourceTree = "<group>"; xcLanguageSpecificationIdentifier = xcode.lang.objcpp; };
		9A3366581755378800FCF766 /* RZDataManager_Base.m */ = {isa = PBXFileReference; fileEncoding = 4; lastKnownFileType = sourcecode.c.objc; lineEnding = 0; path = RZDataManager_Base.m; sourceTree = "<group>"; xcLanguageSpecificationIdentifier = xcode.lang.objc; };
		9A33665A17553CFC00FCF766 /* RZCoreDataManager-Tests.h */ = {isa = PBXFileReference; fileEncoding = 4; lastKnownFileType = sourcecode.c.h; path = "RZCoreDataManager-Tests.h"; sourceTree = "<group>"; };
		9A33665B17553CFC00FCF766 /* RZCoreDataManager-Tests.m */ = {isa = PBXFileReference; fileEncoding = 4; lastKnownFileType = sourcecode.c.objc; lineEnding = 0; path = "RZCoreDataManager-Tests.m"; sourceTree = "<group>"; xcLanguageSpecificationIdentifier = xcode.lang.objc; };
		9A33665D17553E0A00FCF766 /* DMCollection.h */ = {isa = PBXFileReference; fileEncoding = 4; lastKnownFileType = sourcecode.c.h; name = DMCollection.h; path = "../RZDataManager-Demo/DMCollection.h"; sourceTree = "<group>"; };
		9A33665E17553E0A00FCF766 /* DMCollection.m */ = {isa = PBXFileReference; fileEncoding = 4; lastKnownFileType = sourcecode.c.objc; name = DMCollection.m; path = "../RZDataManager-Demo/DMCollection.m"; sourceTree = "<group>"; };
		9A33666117553E0B00FCF766 /* DMEntry.h */ = {isa = PBXFileReference; fileEncoding = 4; lastKnownFileType = sourcecode.c.h; name = DMEntry.h; path = "../RZDataManager-Demo/DMEntry.h"; sourceTree = "<group>"; };
		9A33666217553E0B00FCF766 /* DMEntry.m */ = {isa = PBXFileReference; fileEncoding = 4; lastKnownFileType = sourcecode.c.objc; name = DMEntry.m; path = "../RZDataManager-Demo/DMEntry.m"; sourceTree = "<group>"; };
		9A3528511757C57C0009F78B /* RZDataManagerModelObject.h */ = {isa = PBXFileReference; lastKnownFileType = sourcecode.c.h; path = RZDataManagerModelObject.h; sourceTree = "<group>"; };
		9A58B79F17578D070065D1EA /* NSObject+RZPropertyUtils.h */ = {isa = PBXFileReference; fileEncoding = 4; lastKnownFileType = sourcecode.c.h; path = "NSObject+RZPropertyUtils.h"; sourceTree = "<group>"; };
		9A58B7A017578D070065D1EA /* NSObject+RZPropertyUtils.m */ = {isa = PBXFileReference; fileEncoding = 4; lastKnownFileType = sourcecode.c.objc; path = "NSObject+RZPropertyUtils.m"; sourceTree = "<group>"; };
		9AC66E6B175E641A007C603C /* DMEntry+RZDataManagerModelObject.h */ = {isa = PBXFileReference; fileEncoding = 4; lastKnownFileType = sourcecode.c.h; path = "DMEntry+RZDataManagerModelObject.h"; sourceTree = "<group>"; };
		9AC66E6C175E641A007C603C /* DMEntry+RZDataManagerModelObject.m */ = {isa = PBXFileReference; fileEncoding = 4; lastKnownFileType = sourcecode.c.objc; lineEnding = 0; path = "DMEntry+RZDataManagerModelObject.m"; sourceTree = "<group>"; xcLanguageSpecificationIdentifier = xcode.lang.objc; };
		9AC66E73175E6DE6007C603C /* RZDataManagerModelObjectMapping.h */ = {isa = PBXFileReference; fileEncoding = 4; lastKnownFileType = sourcecode.c.h; path = RZDataManagerModelObjectMapping.h; sourceTree = "<group>"; };
		9AC66E74175E6DE6007C603C /* RZDataManagerModelObjectMapping.m */ = {isa = PBXFileReference; fileEncoding = 4; lastKnownFileType = sourcecode.c.objc; path = RZDataManagerModelObjectMapping.m; sourceTree = "<group>"; };
		9AC66E7C175E953E007C603C /* DMCollection+RZDataManagerModelObject.h */ = {isa = PBXFileReference; fileEncoding = 4; lastKnownFileType = sourcecode.c.h; path = "DMCollection+RZDataManagerModelObject.h"; sourceTree = "<group>"; };
		9AC66E7D175E953E007C603C /* DMCollection+RZDataManagerModelObject.m */ = {isa = PBXFileReference; fileEncoding = 4; lastKnownFileType = sourcecode.c.objc; lineEnding = 0; path = "DMCollection+RZDataManagerModelObject.m"; sourceTree = "<group>"; xcLanguageSpecificationIdentifier = xcode.lang.objc; };
		9ACF8EE71760D58400974873 /* DMThingClass.h */ = {isa = PBXFileReference; fileEncoding = 4; lastKnownFileType = sourcecode.c.h; name = DMThingClass.h; path = "RZDataManager-Demo/DMThingClass.h"; sourceTree = SOURCE_ROOT; };
		9ACF8EE81760D58400974873 /* DMThingClass.m */ = {isa = PBXFileReference; fileEncoding = 4; lastKnownFileType = sourcecode.c.objc; name = DMThingClass.m; path = "RZDataManager-Demo/DMThingClass.m"; sourceTree = SOURCE_ROOT; };
		9AEAD7251772042A00B8A6BE /* NSObject+RZLogHelper.h */ = {isa = PBXFileReference; fileEncoding = 4; lastKnownFileType = sourcecode.c.h; path = "NSObject+RZLogHelper.h"; sourceTree = "<group>"; };
		9AEAD7261772042A00B8A6BE /* NSObject+RZLogHelper.m */ = {isa = PBXFileReference; fileEncoding = 4; lastKnownFileType = sourcecode.c.objc; path = "NSObject+RZLogHelper.m"; sourceTree = "<group>"; };
		FEA82A741742AFFE00FA206C /* RZDataManager-Demo.app */ = {isa = PBXFileReference; explicitFileType = wrapper.application; includeInIndex = 0; path = "RZDataManager-Demo.app"; sourceTree = BUILT_PRODUCTS_DIR; };
		FEA82A771742AFFE00FA206C /* UIKit.framework */ = {isa = PBXFileReference; lastKnownFileType = wrapper.framework; name = UIKit.framework; path = System/Library/Frameworks/UIKit.framework; sourceTree = SDKROOT; };
		FEA82A791742AFFE00FA206C /* Foundation.framework */ = {isa = PBXFileReference; lastKnownFileType = wrapper.framework; name = Foundation.framework; path = System/Library/Frameworks/Foundation.framework; sourceTree = SDKROOT; };
		FEA82A7B1742AFFE00FA206C /* CoreGraphics.framework */ = {isa = PBXFileReference; lastKnownFileType = wrapper.framework; name = CoreGraphics.framework; path = System/Library/Frameworks/CoreGraphics.framework; sourceTree = SDKROOT; };
		FEA82A7D1742AFFE00FA206C /* CoreData.framework */ = {isa = PBXFileReference; lastKnownFileType = wrapper.framework; name = CoreData.framework; path = System/Library/Frameworks/CoreData.framework; sourceTree = SDKROOT; };
		FEA82A811742AFFE00FA206C /* RZDataManager-Demo-Info.plist */ = {isa = PBXFileReference; lastKnownFileType = text.plist.xml; path = "RZDataManager-Demo-Info.plist"; sourceTree = "<group>"; };
		FEA82A831742AFFE00FA206C /* en */ = {isa = PBXFileReference; lastKnownFileType = text.plist.strings; name = en; path = en.lproj/InfoPlist.strings; sourceTree = "<group>"; };
		FEA82A851742AFFE00FA206C /* main.m */ = {isa = PBXFileReference; lastKnownFileType = sourcecode.c.objc; path = main.m; sourceTree = "<group>"; };
		FEA82A871742AFFE00FA206C /* RZDataManager-Demo-Prefix.pch */ = {isa = PBXFileReference; lastKnownFileType = sourcecode.c.h; path = "RZDataManager-Demo-Prefix.pch"; sourceTree = "<group>"; };
		FEA82A881742AFFE00FA206C /* AppDelegate.h */ = {isa = PBXFileReference; lastKnownFileType = sourcecode.c.h; path = AppDelegate.h; sourceTree = "<group>"; };
		FEA82A891742AFFE00FA206C /* AppDelegate.m */ = {isa = PBXFileReference; lastKnownFileType = sourcecode.c.objc; path = AppDelegate.m; sourceTree = "<group>"; };
		FEA82A8B1742AFFE00FA206C /* Default.png */ = {isa = PBXFileReference; lastKnownFileType = image.png; path = Default.png; sourceTree = "<group>"; };
		FEA82A8D1742AFFE00FA206C /* Default@2x.png */ = {isa = PBXFileReference; lastKnownFileType = image.png; path = "Default@2x.png"; sourceTree = "<group>"; };
		FEA82A8F1742AFFE00FA206C /* Default-568h@2x.png */ = {isa = PBXFileReference; lastKnownFileType = image.png; path = "Default-568h@2x.png"; sourceTree = "<group>"; };
		FEA82A921742AFFE00FA206C /* RZDataManager_Test.xcdatamodel */ = {isa = PBXFileReference; lastKnownFileType = wrapper.xcdatamodel; path = RZDataManager_Test.xcdatamodel; sourceTree = "<group>"; };
		FEA82A991742AFFF00FA206C /* RZDataManager-DemoTests.octest */ = {isa = PBXFileReference; explicitFileType = wrapper.cfbundle; includeInIndex = 0; path = "RZDataManager-DemoTests.octest"; sourceTree = BUILT_PRODUCTS_DIR; };
		FEA82A9A1742AFFF00FA206C /* SenTestingKit.framework */ = {isa = PBXFileReference; lastKnownFileType = wrapper.framework; name = SenTestingKit.framework; path = Library/Frameworks/SenTestingKit.framework; sourceTree = DEVELOPER_DIR; };
		FEA82AA31742AFFF00FA206C /* RZDataManager-DemoTests-Info.plist */ = {isa = PBXFileReference; lastKnownFileType = text.plist.xml; path = "RZDataManager-DemoTests-Info.plist"; sourceTree = "<group>"; };
		FEA82AA51742AFFF00FA206C /* en */ = {isa = PBXFileReference; lastKnownFileType = text.plist.strings; name = en; path = en.lproj/InfoPlist.strings; sourceTree = "<group>"; };
		FEA82AB31742B05100FA206C /* RZCoreDataManager.h */ = {isa = PBXFileReference; fileEncoding = 4; lastKnownFileType = sourcecode.c.h; path = RZCoreDataManager.h; sourceTree = "<group>"; };
		FEA82AB41742B05100FA206C /* RZCoreDataManager.m */ = {isa = PBXFileReference; fileEncoding = 4; lastKnownFileType = sourcecode.c.objc; lineEnding = 0; path = RZCoreDataManager.m; sourceTree = "<group>"; xcLanguageSpecificationIdentifier = xcode.lang.objc; };
		FEA82AFE1742CB5600FA206C /* RZDataImporter.h */ = {isa = PBXFileReference; fileEncoding = 4; lastKnownFileType = sourcecode.c.h; path = RZDataImporter.h; sourceTree = "<group>"; };
		FEA82AFF1742CB5600FA206C /* RZDataImporter.m */ = {isa = PBXFileReference; fileEncoding = 4; lastKnownFileType = sourcecode.c.objc; lineEnding = 0; path = RZDataImporter.m; sourceTree = "<group>"; xcLanguageSpecificationIdentifier = xcode.lang.objc; };
		FEA82B031742CC1B00FA206C /* NSDictionary+NonNSNull.h */ = {isa = PBXFileReference; fileEncoding = 4; lastKnownFileType = sourcecode.c.h; path = "NSDictionary+NonNSNull.h"; sourceTree = "<group>"; };
		FEA82B041742CC1B00FA206C /* NSDictionary+NonNSNull.m */ = {isa = PBXFileReference; fileEncoding = 4; lastKnownFileType = sourcecode.c.objc; path = "NSDictionary+NonNSNull.m"; sourceTree = "<group>"; };
		FEA82B051742CC1B00FA206C /* NSString+HTMLEntities.h */ = {isa = PBXFileReference; fileEncoding = 4; lastKnownFileType = sourcecode.c.h; path = "NSString+HTMLEntities.h"; sourceTree = "<group>"; };
		FEA82B061742CC1B00FA206C /* NSString+HTMLEntities.m */ = {isa = PBXFileReference; fileEncoding = 4; lastKnownFileType = sourcecode.c.objc; path = "NSString+HTMLEntities.m"; sourceTree = "<group>"; };
/* End PBXFileReference section */

/* Begin PBXFrameworksBuildPhase section */
		FEA82A711742AFFE00FA206C /* Frameworks */ = {
			isa = PBXFrameworksBuildPhase;
			buildActionMask = 2147483647;
			files = (
				FEA82A781742AFFE00FA206C /* UIKit.framework in Frameworks */,
				FEA82A7A1742AFFE00FA206C /* Foundation.framework in Frameworks */,
				FEA82A7C1742AFFE00FA206C /* CoreGraphics.framework in Frameworks */,
				FEA82A7E1742AFFE00FA206C /* CoreData.framework in Frameworks */,
			);
			runOnlyForDeploymentPostprocessing = 0;
		};
		FEA82A951742AFFF00FA206C /* Frameworks */ = {
			isa = PBXFrameworksBuildPhase;
			buildActionMask = 2147483647;
			files = (
				FEA82A9B1742AFFF00FA206C /* SenTestingKit.framework in Frameworks */,
				FEA82A9C1742AFFF00FA206C /* UIKit.framework in Frameworks */,
				FEA82A9D1742AFFF00FA206C /* Foundation.framework in Frameworks */,
				FEA82A9E1742AFFF00FA206C /* CoreData.framework in Frameworks */,
			);
			runOnlyForDeploymentPostprocessing = 0;
		};
/* End PBXFrameworksBuildPhase section */

/* Begin PBXGroup section */
		9AC66E6A175E63EE007C603C /* Data Model Mapping */ = {
			isa = PBXGroup;
			children = (
				9AC66E6B175E641A007C603C /* DMEntry+RZDataManagerModelObject.h */,
				9AC66E6C175E641A007C603C /* DMEntry+RZDataManagerModelObject.m */,
				9AC66E7C175E953E007C603C /* DMCollection+RZDataManagerModelObject.h */,
				9AC66E7D175E953E007C603C /* DMCollection+RZDataManagerModelObject.m */,
				728A1905178EF23400A04E9F /* DMCustomEntry+RZDataManagerModelObject.h */,
				728A1906178EF23400A04E9F /* DMCustomEntry+RZDataManagerModelObject.m */,
			);
			name = "Data Model Mapping";
			sourceTree = "<group>";
		};
		FEA82A6B1742AFFE00FA206C = {
			isa = PBXGroup;
			children = (
				FEA82AB21742B05100FA206C /* RZDataManager */,
				FEA82A7F1742AFFE00FA206C /* RZDataManager-Demo */,
				FEA82AA11742AFFF00FA206C /* RZDataManager-DemoTests */,
				FEA82A761742AFFE00FA206C /* Frameworks */,
				FEA82A751742AFFE00FA206C /* Products */,
			);
			sourceTree = "<group>";
		};
		FEA82A751742AFFE00FA206C /* Products */ = {
			isa = PBXGroup;
			children = (
				FEA82A741742AFFE00FA206C /* RZDataManager-Demo.app */,
				FEA82A991742AFFF00FA206C /* RZDataManager-DemoTests.octest */,
			);
			name = Products;
			sourceTree = "<group>";
		};
		FEA82A761742AFFE00FA206C /* Frameworks */ = {
			isa = PBXGroup;
			children = (
				FEA82A771742AFFE00FA206C /* UIKit.framework */,
				FEA82A791742AFFE00FA206C /* Foundation.framework */,
				FEA82A7B1742AFFE00FA206C /* CoreGraphics.framework */,
				FEA82A7D1742AFFE00FA206C /* CoreData.framework */,
				FEA82A9A1742AFFF00FA206C /* SenTestingKit.framework */,
			);
			name = Frameworks;
			sourceTree = "<group>";
		};
		FEA82A7F1742AFFE00FA206C /* RZDataManager-Demo */ = {
			isa = PBXGroup;
			children = (
				FEA82A881742AFFE00FA206C /* AppDelegate.h */,
				FEA82A891742AFFE00FA206C /* AppDelegate.m */,
				FEA82A801742AFFE00FA206C /* Supporting Files */,
			);
			path = "RZDataManager-Demo";
			sourceTree = "<group>";
		};
		FEA82A801742AFFE00FA206C /* Supporting Files */ = {
			isa = PBXGroup;
			children = (
				FEA82A811742AFFE00FA206C /* RZDataManager-Demo-Info.plist */,
				FEA82A821742AFFE00FA206C /* InfoPlist.strings */,
				FEA82A851742AFFE00FA206C /* main.m */,
				FEA82A871742AFFE00FA206C /* RZDataManager-Demo-Prefix.pch */,
				FEA82A8B1742AFFE00FA206C /* Default.png */,
				FEA82A8D1742AFFE00FA206C /* Default@2x.png */,
				FEA82A8F1742AFFE00FA206C /* Default-568h@2x.png */,
			);
			name = "Supporting Files";
			sourceTree = "<group>";
		};
		FEA82AA11742AFFF00FA206C /* RZDataManager-DemoTests */ = {
			isa = PBXGroup;
			children = (
				FEA82AA21742AFFF00FA206C /* Supporting Files */,
				FEA82A911742AFFE00FA206C /* RZDataManager_Test.xcdatamodeld */,
				728A1902178EF1C900A04E9F /* DMCustomEntry.h */,
				728A1903178EF1C900A04E9F /* DMCustomEntry.m */,
				9ACF8EE71760D58400974873 /* DMThingClass.h */,
				9ACF8EE81760D58400974873 /* DMThingClass.m */,
				9A33666117553E0B00FCF766 /* DMEntry.h */,
				9A33666217553E0B00FCF766 /* DMEntry.m */,
				9A33665D17553E0A00FCF766 /* DMCollection.h */,
				9A33665E17553E0A00FCF766 /* DMCollection.m */,
				9AC66E6A175E63EE007C603C /* Data Model Mapping */,
				9A33665A17553CFC00FCF766 /* RZCoreDataManager-Tests.h */,
				9A33665B17553CFC00FCF766 /* RZCoreDataManager-Tests.m */,
			);
			path = "RZDataManager-DemoTests";
			sourceTree = "<group>";
		};
		FEA82AA21742AFFF00FA206C /* Supporting Files */ = {
			isa = PBXGroup;
			children = (
				FEA82AA31742AFFF00FA206C /* RZDataManager-DemoTests-Info.plist */,
				FEA82AA41742AFFF00FA206C /* InfoPlist.strings */,
			);
			name = "Supporting Files";
			sourceTree = "<group>";
		};
		FEA82AB21742B05100FA206C /* RZDataManager */ = {
			isa = PBXGroup;
			children = (
				FEA82AFE1742CB5600FA206C /* RZDataImporter.h */,
				FEA82AFF1742CB5600FA206C /* RZDataImporter.m */,
				9A3528511757C57C0009F78B /* RZDataManagerModelObject.h */,
				9A3366571755378800FCF766 /* RZDataManager_Base.h */,
				9A3366581755378800FCF766 /* RZDataManager_Base.m */,
				FEA82AB31742B05100FA206C /* RZCoreDataManager.h */,
				FEA82AB41742B05100FA206C /* RZCoreDataManager.m */,
				FEA82B021742CC1B00FA206C /* Utils */,
			);
			name = RZDataManager;
			path = ../RZDataManager;
			sourceTree = "<group>";
		};
		FEA82B021742CC1B00FA206C /* Utils */ = {
			isa = PBXGroup;
			children = (
				FEA82B031742CC1B00FA206C /* NSDictionary+NonNSNull.h */,
				FEA82B041742CC1B00FA206C /* NSDictionary+NonNSNull.m */,
				9AEAD7251772042A00B8A6BE /* NSObject+RZLogHelper.h */,
				9AEAD7261772042A00B8A6BE /* NSObject+RZLogHelper.m */,
				9A58B79F17578D070065D1EA /* NSObject+RZPropertyUtils.h */,
				9A58B7A017578D070065D1EA /* NSObject+RZPropertyUtils.m */,
				FEA82B051742CC1B00FA206C /* NSString+HTMLEntities.h */,
				FEA82B061742CC1B00FA206C /* NSString+HTMLEntities.m */,
				9AC66E73175E6DE6007C603C /* RZDataManagerModelObjectMapping.h */,
				9AC66E74175E6DE6007C603C /* RZDataManagerModelObjectMapping.m */,
			);
			path = Utils;
			sourceTree = "<group>";
		};
/* End PBXGroup section */

/* Begin PBXNativeTarget section */
		FEA82A731742AFFE00FA206C /* RZDataManager-Demo */ = {
			isa = PBXNativeTarget;
			buildConfigurationList = FEA82AAC1742AFFF00FA206C /* Build configuration list for PBXNativeTarget "RZDataManager-Demo" */;
			buildPhases = (
				FEA82A701742AFFE00FA206C /* Sources */,
				FEA82A711742AFFE00FA206C /* Frameworks */,
				FEA82A721742AFFE00FA206C /* Resources */,
			);
			buildRules = (
			);
			dependencies = (
			);
			name = "RZDataManager-Demo";
			productName = "RZDataManager-Demo";
			productReference = FEA82A741742AFFE00FA206C /* RZDataManager-Demo.app */;
			productType = "com.apple.product-type.application";
		};
		FEA82A981742AFFF00FA206C /* RZDataManager-DemoTests */ = {
			isa = PBXNativeTarget;
			buildConfigurationList = FEA82AAF1742AFFF00FA206C /* Build configuration list for PBXNativeTarget "RZDataManager-DemoTests" */;
			buildPhases = (
				FEA82A941742AFFF00FA206C /* Sources */,
				FEA82A951742AFFF00FA206C /* Frameworks */,
				FEA82A961742AFFF00FA206C /* Resources */,
				FEA82A971742AFFF00FA206C /* ShellScript */,
			);
			buildRules = (
			);
			dependencies = (
				FEA82AA01742AFFF00FA206C /* PBXTargetDependency */,
			);
			name = "RZDataManager-DemoTests";
			productName = "RZDataManager-DemoTests";
			productReference = FEA82A991742AFFF00FA206C /* RZDataManager-DemoTests.octest */;
			productType = "com.apple.product-type.bundle";
		};
/* End PBXNativeTarget section */

/* Begin PBXProject section */
		FEA82A6C1742AFFE00FA206C /* Project object */ = {
			isa = PBXProject;
			attributes = {
				LastUpgradeCheck = 0460;
				ORGANIZATIONNAME = Raizlabs;
			};
			buildConfigurationList = FEA82A6F1742AFFE00FA206C /* Build configuration list for PBXProject "RZDataManager-Demo" */;
			compatibilityVersion = "Xcode 3.2";
			developmentRegion = English;
			hasScannedForEncodings = 0;
			knownRegions = (
				en,
			);
			mainGroup = FEA82A6B1742AFFE00FA206C;
			productRefGroup = FEA82A751742AFFE00FA206C /* Products */;
			projectDirPath = "";
			projectRoot = "";
			targets = (
				FEA82A731742AFFE00FA206C /* RZDataManager-Demo */,
				FEA82A981742AFFF00FA206C /* RZDataManager-DemoTests */,
			);
		};
/* End PBXProject section */

/* Begin PBXResourcesBuildPhase section */
		FEA82A721742AFFE00FA206C /* Resources */ = {
			isa = PBXResourcesBuildPhase;
			buildActionMask = 2147483647;
			files = (
				FEA82A841742AFFE00FA206C /* InfoPlist.strings in Resources */,
				FEA82A8C1742AFFE00FA206C /* Default.png in Resources */,
				FEA82A8E1742AFFE00FA206C /* Default@2x.png in Resources */,
				FEA82A901742AFFE00FA206C /* Default-568h@2x.png in Resources */,
			);
			runOnlyForDeploymentPostprocessing = 0;
		};
		FEA82A961742AFFF00FA206C /* Resources */ = {
			isa = PBXResourcesBuildPhase;
			buildActionMask = 2147483647;
			files = (
				FEA82AA61742AFFF00FA206C /* InfoPlist.strings in Resources */,
			);
			runOnlyForDeploymentPostprocessing = 0;
		};
/* End PBXResourcesBuildPhase section */

/* Begin PBXShellScriptBuildPhase section */
		FEA82A971742AFFF00FA206C /* ShellScript */ = {
			isa = PBXShellScriptBuildPhase;
			buildActionMask = 2147483647;
			files = (
			);
			inputPaths = (
			);
			outputPaths = (
			);
			runOnlyForDeploymentPostprocessing = 0;
			shellPath = /bin/sh;
			shellScript = "# Run the unit tests in this test bundle.\n\"${SYSTEM_DEVELOPER_DIR}/Tools/RunUnitTests\"\n";
		};
/* End PBXShellScriptBuildPhase section */

/* Begin PBXSourcesBuildPhase section */
		FEA82A701742AFFE00FA206C /* Sources */ = {
			isa = PBXSourcesBuildPhase;
			buildActionMask = 2147483647;
			files = (
				FEA82A861742AFFE00FA206C /* main.m in Sources */,
				FEA82A8A1742AFFE00FA206C /* AppDelegate.m in Sources */,
				FEA82AB51742B05100FA206C /* RZCoreDataManager.m in Sources */,
				FEA82B001742CB5600FA206C /* RZDataImporter.m in Sources */,
				FEA82B071742CC1B00FA206C /* NSDictionary+NonNSNull.m in Sources */,
				FEA82B091742CC1B00FA206C /* NSString+HTMLEntities.m in Sources */,
				9A3366591755378800FCF766 /* RZDataManager_Base.m in Sources */,
				9A58B7A117578D070065D1EA /* NSObject+RZPropertyUtils.m in Sources */,
				9AC66E7B175E94A1007C603C /* RZDataManagerModelObjectMapping.m in Sources */,
				9AEAD7271772042A00B8A6BE /* NSObject+RZLogHelper.m in Sources */,
			);
			runOnlyForDeploymentPostprocessing = 0;
		};
		FEA82A941742AFFF00FA206C /* Sources */ = {
			isa = PBXSourcesBuildPhase;
			buildActionMask = 2147483647;
			files = (
				9A33665C17553CFC00FCF766 /* RZCoreDataManager-Tests.m in Sources */,
				9A33666017553E0A00FCF766 /* DMCollection.m in Sources */,
				9A33666417553E0B00FCF766 /* DMEntry.m in Sources */,
				9A33666517553E1300FCF766 /* RZDataManager_Test.xcdatamodeld in Sources */,
				9A33666717553E1F00FCF766 /* RZDataImporter.m in Sources */,
				9A33666817553E1F00FCF766 /* RZDataManager_Base.m in Sources */,
				9A33666917553E1F00FCF766 /* RZCoreDataManager.m in Sources */,
				9A33666A17553E1F00FCF766 /* NSDictionary+NonNSNull.m in Sources */,
				9A33666B17553E1F00FCF766 /* NSString+HTMLEntities.m in Sources */,
				9AC66E6D175E641A007C603C /* DMEntry+RZDataManagerModelObject.m in Sources */,
				9AC66E75175E6DE6007C603C /* RZDataManagerModelObjectMapping.m in Sources */,
				9AC66E7E175E953F007C603C /* DMCollection+RZDataManagerModelObject.m in Sources */,
				9ACF8EE91760D58400974873 /* DMThingClass.m in Sources */,
				9AEAD723177201B400B8A6BE /* NSObject+RZPropertyUtils.m in Sources */,
				9AEAD728177205AD00B8A6BE /* NSObject+RZLogHelper.m in Sources */,
				728A1904178EF1C900A04E9F /* DMCustomEntry.m in Sources */,
				728A1907178EF23400A04E9F /* DMCustomEntry+RZDataManagerModelObject.m in Sources */,
			);
			runOnlyForDeploymentPostprocessing = 0;
		};
/* End PBXSourcesBuildPhase section */

/* Begin PBXTargetDependency section */
		FEA82AA01742AFFF00FA206C /* PBXTargetDependency */ = {
			isa = PBXTargetDependency;
			target = FEA82A731742AFFE00FA206C /* RZDataManager-Demo */;
			targetProxy = FEA82A9F1742AFFF00FA206C /* PBXContainerItemProxy */;
		};
/* End PBXTargetDependency section */

/* Begin PBXVariantGroup section */
		FEA82A821742AFFE00FA206C /* InfoPlist.strings */ = {
			isa = PBXVariantGroup;
			children = (
				FEA82A831742AFFE00FA206C /* en */,
			);
			name = InfoPlist.strings;
			sourceTree = "<group>";
		};
		FEA82AA41742AFFF00FA206C /* InfoPlist.strings */ = {
			isa = PBXVariantGroup;
			children = (
				FEA82AA51742AFFF00FA206C /* en */,
			);
			name = InfoPlist.strings;
			sourceTree = "<group>";
		};
/* End PBXVariantGroup section */

/* Begin XCBuildConfiguration section */
		FEA82AAA1742AFFF00FA206C /* Debug */ = {
			isa = XCBuildConfiguration;
			buildSettings = {
				ALWAYS_SEARCH_USER_PATHS = NO;
				CLANG_CXX_LANGUAGE_STANDARD = "gnu++0x";
				CLANG_CXX_LIBRARY = "libc++";
				CLANG_ENABLE_OBJC_ARC = YES;
				CLANG_WARN_CONSTANT_CONVERSION = YES;
				CLANG_WARN_EMPTY_BODY = YES;
				CLANG_WARN_ENUM_CONVERSION = YES;
				CLANG_WARN_INT_CONVERSION = YES;
				CLANG_WARN__DUPLICATE_METHOD_MATCH = YES;
				"CODE_SIGN_IDENTITY[sdk=iphoneos*]" = "iPhone Developer";
				COPY_PHASE_STRIP = NO;
				GCC_C_LANGUAGE_STANDARD = gnu99;
				GCC_DYNAMIC_NO_PIC = NO;
				GCC_OPTIMIZATION_LEVEL = 0;
				GCC_PREPROCESSOR_DEFINITIONS = (
					"DEBUG=1",
					"$(inherited)",
				);
				GCC_SYMBOLS_PRIVATE_EXTERN = NO;
				GCC_WARN_ABOUT_RETURN_TYPE = YES;
				GCC_WARN_UNINITIALIZED_AUTOS = YES;
				GCC_WARN_UNUSED_VARIABLE = YES;
				IPHONEOS_DEPLOYMENT_TARGET = 6.1;
				ONLY_ACTIVE_ARCH = YES;
				SDKROOT = iphoneos;
				TARGETED_DEVICE_FAMILY = "1,2";
			};
			name = Debug;
		};
		FEA82AAB1742AFFF00FA206C /* Release */ = {
			isa = XCBuildConfiguration;
			buildSettings = {
				ALWAYS_SEARCH_USER_PATHS = NO;
				CLANG_CXX_LANGUAGE_STANDARD = "gnu++0x";
				CLANG_CXX_LIBRARY = "libc++";
				CLANG_ENABLE_OBJC_ARC = YES;
				CLANG_WARN_CONSTANT_CONVERSION = YES;
				CLANG_WARN_EMPTY_BODY = YES;
				CLANG_WARN_ENUM_CONVERSION = YES;
				CLANG_WARN_INT_CONVERSION = YES;
				CLANG_WARN__DUPLICATE_METHOD_MATCH = YES;
				"CODE_SIGN_IDENTITY[sdk=iphoneos*]" = "iPhone Developer";
				COPY_PHASE_STRIP = YES;
				GCC_C_LANGUAGE_STANDARD = gnu99;
				GCC_WARN_ABOUT_RETURN_TYPE = YES;
				GCC_WARN_UNINITIALIZED_AUTOS = YES;
				GCC_WARN_UNUSED_VARIABLE = YES;
				IPHONEOS_DEPLOYMENT_TARGET = 6.1;
				OTHER_CFLAGS = "-DNS_BLOCK_ASSERTIONS=1";
				SDKROOT = iphoneos;
				TARGETED_DEVICE_FAMILY = "1,2";
				VALIDATE_PRODUCT = YES;
			};
			name = Release;
		};
		FEA82AAD1742AFFF00FA206C /* Debug */ = {
			isa = XCBuildConfiguration;
			buildSettings = {
				GCC_PRECOMPILE_PREFIX_HEADER = YES;
				GCC_PREFIX_HEADER = "RZDataManager-Demo/RZDataManager-Demo-Prefix.pch";
				INFOPLIST_FILE = "RZDataManager-Demo/RZDataManager-Demo-Info.plist";
				IPHONEOS_DEPLOYMENT_TARGET = 5.1;
				PRODUCT_NAME = "$(TARGET_NAME)";
				WRAPPER_EXTENSION = app;
			};
			name = Debug;
		};
		FEA82AAE1742AFFF00FA206C /* Release */ = {
			isa = XCBuildConfiguration;
			buildSettings = {
				GCC_PRECOMPILE_PREFIX_HEADER = YES;
				GCC_PREFIX_HEADER = "RZDataManager-Demo/RZDataManager-Demo-Prefix.pch";
				INFOPLIST_FILE = "RZDataManager-Demo/RZDataManager-Demo-Info.plist";
				IPHONEOS_DEPLOYMENT_TARGET = 5.1;
				PRODUCT_NAME = "$(TARGET_NAME)";
				WRAPPER_EXTENSION = app;
			};
			name = Release;
		};
		FEA82AB01742AFFF00FA206C /* Debug */ = {
			isa = XCBuildConfiguration;
			buildSettings = {
				BUNDLE_LOADER = "$(BUILT_PRODUCTS_DIR)/RZDataManager-Demo.app/RZDataManager-Demo";
				FRAMEWORK_SEARCH_PATHS = (
					"\"$(SDKROOT)/Developer/Library/Frameworks\"",
					"\"$(DEVELOPER_LIBRARY_DIR)/Frameworks\"",
				);
				GCC_PRECOMPILE_PREFIX_HEADER = YES;
				GCC_PREFIX_HEADER = "RZDataManager-Demo/RZDataManager-Demo-Prefix.pch";
				INFOPLIST_FILE = "RZDataManager-DemoTests/RZDataManager-DemoTests-Info.plist";
				PRODUCT_NAME = "$(TARGET_NAME)";
				TEST_HOST = "$(BUNDLE_LOADER)";
				WRAPPER_EXTENSION = octest;
			};
			name = Debug;
		};
		FEA82AB11742AFFF00FA206C /* Release */ = {
			isa = XCBuildConfiguration;
			buildSettings = {
				BUNDLE_LOADER = "$(BUILT_PRODUCTS_DIR)/RZDataManager-Demo.app/RZDataManager-Demo";
				FRAMEWORK_SEARCH_PATHS = (
					"\"$(SDKROOT)/Developer/Library/Frameworks\"",
					"\"$(DEVELOPER_LIBRARY_DIR)/Frameworks\"",
				);
				GCC_PRECOMPILE_PREFIX_HEADER = YES;
				GCC_PREFIX_HEADER = "RZDataManager-Demo/RZDataManager-Demo-Prefix.pch";
				INFOPLIST_FILE = "RZDataManager-DemoTests/RZDataManager-DemoTests-Info.plist";
				PRODUCT_NAME = "$(TARGET_NAME)";
				TEST_HOST = "$(BUNDLE_LOADER)";
				WRAPPER_EXTENSION = octest;
			};
			name = Release;
		};
/* End XCBuildConfiguration section */

/* Begin XCConfigurationList section */
		FEA82A6F1742AFFE00FA206C /* Build configuration list for PBXProject "RZDataManager-Demo" */ = {
			isa = XCConfigurationList;
			buildConfigurations = (
				FEA82AAA1742AFFF00FA206C /* Debug */,
				FEA82AAB1742AFFF00FA206C /* Release */,
			);
			defaultConfigurationIsVisible = 0;
			defaultConfigurationName = Release;
		};
		FEA82AAC1742AFFF00FA206C /* Build configuration list for PBXNativeTarget "RZDataManager-Demo" */ = {
			isa = XCConfigurationList;
			buildConfigurations = (
				FEA82AAD1742AFFF00FA206C /* Debug */,
				FEA82AAE1742AFFF00FA206C /* Release */,
			);
			defaultConfigurationIsVisible = 0;
			defaultConfigurationName = Release;
		};
		FEA82AAF1742AFFF00FA206C /* Build configuration list for PBXNativeTarget "RZDataManager-DemoTests" */ = {
			isa = XCConfigurationList;
			buildConfigurations = (
				FEA82AB01742AFFF00FA206C /* Debug */,
				FEA82AB11742AFFF00FA206C /* Release */,
			);
			defaultConfigurationIsVisible = 0;
			defaultConfigurationName = Release;
		};
/* End XCConfigurationList section */

/* Begin XCVersionGroup section */
		FEA82A911742AFFE00FA206C /* RZDataManager_Test.xcdatamodeld */ = {
			isa = XCVersionGroup;
			children = (
				FEA82A921742AFFE00FA206C /* RZDataManager_Test.xcdatamodel */,
			);
			currentVersion = FEA82A921742AFFE00FA206C /* RZDataManager_Test.xcdatamodel */;
			name = RZDataManager_Test.xcdatamodeld;
			path = "../RZDataManager-Demo/RZDataManager_Test.xcdatamodeld";
			sourceTree = "<group>";
			versionGroupType = wrapper.xcdatamodel;
		};
/* End XCVersionGroup section */
	};
	rootObject = FEA82A6C1742AFFE00FA206C /* Project object */;
}
